{
  "version": 4,
  "terraform_version": "1.14.3",
  "serial": 45,
  "lineage": "4c4ee782-2044-0a28-0de1-aee742b4d822",
  "outputs": {},
  "resources": [
    {
      "module": "module.vpc",
      "mode": "managed",
      "type": "aws_vpc",
      "name": "this",
      "provider": "provider[\"registry.terraform.io/hashicorp/aws\"]",
      "instances": [
        {
          "index_key": 0,
          "schema_version": 1,
          "attributes": {
            "arn": "arn:aws:ec2:eu-central-1:114851843413:vpc/vpc-0d460fd597cbcc31b",
            "assign_generated_ipv6_cidr_block": false,
            "cidr_block": "10.0.0.0/16",
            "default_network_acl_id": "acl-04bd76a226d41c61d",
            "default_route_table_id": "rtb-0fe4b7d706bbd86af",
            "default_security_group_id": "sg-0e68c4f2b66d2d5d3",
            "dhcp_options_id": "dopt-08cc674e15c82b2a8",
            "enable_dns_hostnames": true,
            "enable_dns_support": true,
            "enable_network_address_usage_metrics": false,
            "id": "vpc-0d460fd597cbcc31b",
            "instance_tenancy": "default",
            "ipv4_ipam_pool_id": null,
            "ipv4_netmask_length": null,
            "ipv6_association_id": "",
            "ipv6_cidr_block": "",
            "ipv6_cidr_block_network_border_group": "",
            "ipv6_ipam_pool_id": "",
            "ipv6_netmask_length": 0,
            "main_route_table_id": "rtb-0fe4b7d706bbd86af",
            "owner_id": "114851843413",
            "region": "eu-central-1",
            "tags": {
              "Name": "go-microservices-vpc",
              "Owner": "tirdad",
              "Project": "go-microservices"
            },
            "tags_all": {
              "Name": "go-microservices-vpc",
              "Owner": "tirdad",
              "Project": "go-microservices"
            }
          },
          "sensitive_attributes": [],
          "identity_schema_version": 0,
          "identity": {
            "account_id": "114851843413",
            "id": "vpc-0d460fd597cbcc31b",
            "region": "eu-central-1"
          },
          "private": "eyJzY2hlbWFfdmVyc2lvbiI6IjEifQ=="
        }
      ]
    }
  ],
  "check_results": null
}
